
Microsoft Visual Studio Solution File, Format Version 12.00
# Visual Studio Version 17
VisualStudioVersion = 17.11.35327.3
MinimumVisualStudioVersion = 10.0.40219.1
Project("{FAE04EC0-301F-11D3-BF4B-00C04F79EFBC}") = "MauiAppHotel", "MauiAppHotel\MauiAppHotel.csproj", "{182E46C3-6453-431C-9947-45C51542D270}"
EndProject
Global
	GlobalSection(SolutionConfigurationPlatforms) = preSolution
		Debug|Any CPU = Debug|Any CPU
		Release|Any CPU = Release|Any CPU
	EndGlobalSection
	GlobalSection(ProjectConfigurationPlatforms) = postSolution
		{182E46C3-6453-431C-9947-45C51542D270}.Debug|Any CPU.ActiveCfg = Debug|Any CPU
		{182E46C3-6453-431C-9947-45C51542D270}.Debug|Any CPU.Build.0 = Debug|Any CPU
		{182E46C3-6453-431C-9947-45C51542D270}.Debug|Any CPU.Deploy.0 = Debug|Any CPU
		{182E46C3-6453-431C-9947-45C51542D270}.Release|Any CPU.ActiveCfg = Release|Any CPU
		{182E46C3-6453-431C-9947-45C51542D270}.Release|Any CPU.Build.0 = Release|Any CPU
		{182E46C3-6453-431C-9947-45C51542D270}.Release|Any CPU.Deploy.0 = Release|Any CPU
	EndGlobalSection
	GlobalSection(SolutionProperties) = preSolution
		HideSolutionNode = FALSE
	EndGlobalSection
	GlobalSection(ExtensibilityGlobals) = postSolution
		SolutionGuid = {9E817258-1E8B-4999-8ACD-990482A751FA}
	EndGlobalSection
EndGlobal
